{
	"name": "pnpm-full-stask",
	"lockfileVersion": 3,
	"requires": true,
	"packages": {
		"": {
			"dependencies": {
				"dayjs": "^1.11.13",
				"lodash": "^4.17.21"
			}
		},
		"node_modules/.pnpm/lodash@4.17.21/node_modules/lodash": {
			"version": "4.17.21",
			"license": "MIT"
		},
		"node_modules/dayjs": {
			"version": "1.11.13",
			"resolved": "https://registry.npmmirror.com/dayjs/-/dayjs-1.11.13.tgz",
			"integrity": "sha512-oaMBel6gjolK862uaPQOVTA7q3TZhuSvuMQAAglQDOWYO9A91IrAOUJEyKVlqJlHE0vq5p5UXxzdPfMH/x6xNg=="
		},
		"node_modules/lodash": {
			"resolved": "node_modules/.pnpm/lodash@4.17.21/node_modules/lodash",
			"link": true
		}
	}
}
